
Microsoft Visual Studio Solution File, Format Version 12.00
# Visual Studio Version 17
VisualStudioVersion = 17.5.002.0
MinimumVisualStudioVersion = 10.0.40219.1
Project("{2150E333-8FDC-42A3-9474-1A3956D46DE8}") = "backend", "backend", "{0D9018A8-7423-4CF3-946D-24B53E6AE1C0}"
EndProject
Project("{9A19103F-16F7-4668-BE54-9A1E7A4F7556}") = "api", "backend\api\api.csproj", "{E9094832-9E93-493C-814F-C2DFFFE6CF36}"
EndProject
Global
	GlobalSection(SolutionConfigurationPlatforms) = preSolution
		Debug|Any CPU = Debug|Any CPU
		Release|Any CPU = Release|Any CPU
	EndGlobalSection
	GlobalSection(ProjectConfigurationPlatforms) = postSolution
		{E9094832-9E93-493C-814F-C2DFFFE6CF36}.Debug|Any CPU.ActiveCfg = Debug|Any CPU
		{E9094832-9E93-493C-814F-C2DFFFE6CF36}.Debug|Any CPU.Build.0 = Debug|Any CPU
		{E9094832-9E93-493C-814F-C2DFFFE6CF36}.Release|Any CPU.ActiveCfg = Release|Any CPU
		{E9094832-9E93-493C-814F-C2DFFFE6CF36}.Release|Any CPU.Build.0 = Release|Any CPU
	EndGlobalSection
	GlobalSection(SolutionProperties) = preSolution
		HideSolutionNode = FALSE
	EndGlobalSection
	GlobalSection(NestedProjects) = preSolution
		{E9094832-9E93-493C-814F-C2DFFFE6CF36} = {0D9018A8-7423-4CF3-946D-24B53E6AE1C0}
	EndGlobalSection
	GlobalSection(ExtensibilityGlobals) = postSolution
		SolutionGuid = {7A4DB337-4A7B-4805-A2F3-973F22AAA32A}
	EndGlobalSection
EndGlobal
